// !$*UTF8*$!
{
	archiveVersion = 1;
	classes = {
	};
	objectVersion = 46;
	objects = {

/* Begin PBXBuildFile section */
		17827D411B2349FA0094BA93 /* LFChatView.h in CopyFiles */ = {isa = PBXBuildFile; fileRef = 17827D401B2349FA0094BA93 /* LFChatView.h */; };
		17827D431B2349FA0094BA93 /* LFChatView.m in Sources */ = {isa = PBXBuildFile; fileRef = 17827D421B2349FA0094BA93 /* LFChatView.m */; };
		17827D491B2349FA0094BA93 /* libLFChatView.a in Frameworks */ = {isa = PBXBuildFile; fileRef = 17827D3D1B2349FA0094BA93 /* libLFChatView.a */; };
		17827D591B234A220094BA93 /* LFChatViewController.m in Sources */ = {isa = PBXBuildFile; fileRef = 17827D581B234A220094BA93 /* LFChatViewController.m */; };
/* End PBXBuildFile section */

/* Begin PBXContainerItemProxy section */
		17827D4A1B2349FA0094BA93 /* PBXContainerItemProxy */ = {
			isa = PBXContainerItemProxy;
			containerPortal = 17827D351B2349F90094BA93 /* Project object */;
			proxyType = 1;
			remoteGlobalIDString = 17827D3C1B2349FA0094BA93;
			remoteInfo = LFChatView;
		};
/* End PBXContainerItemProxy section */

/* Begin PBXCopyFilesBuildPhase section */
		17827D3B1B2349FA0094BA93 /* CopyFiles */ = {
			isa = PBXCopyFilesBuildPhase;
			buildActionMask = 2147483647;
			dstPath = "include/$(PRODUCT_NAME)";
			dstSubfolderSpec = 16;
			files = (
				17827D411B2349FA0094BA93 /* LFChatView.h in CopyFiles */,
			);
			runOnlyForDeploymentPostprocessing = 0;
		};
/* End PBXCopyFilesBuildPhase section */

/* Begin PBXFileReference section */
		17827D3D1B2349FA0094BA93 /* libLFChatView.a */ = {isa = PBXFileReference; explicitFileType = archive.ar; includeInIndex = 0; path = libLFChatView.a; sourceTree = BUILT_PRODUCTS_DIR; };
		17827D401B2349FA0094BA93 /* LFChatView.h */ = {isa = PBXFileReference; lastKnownFileType = sourcecode.c.h; path = LFChatView.h; sourceTree = "<group>"; };
		17827D421B2349FA0094BA93 /* LFChatView.m */ = {isa = PBXFileReference; lastKnownFileType = sourcecode.c.objc; path = LFChatView.m; sourceTree = "<group>"; };
		17827D481B2349FA0094BA93 /* LFChatViewTests.xctest */ = {isa = PBXFileReference; explicitFileType = wrapper.cfbundle; includeInIndex = 0; path = LFChatViewTests.xctest; sourceTree = BUILT_PRODUCTS_DIR; };
		17827D4E1B2349FA0094BA93 /* Info.plist */ = {isa = PBXFileReference; lastKnownFileType = text.plist.xml; path = Info.plist; sourceTree = "<group>"; };
		17827D571B234A220094BA93 /* LFChatViewController.h */ = {isa = PBXFileReference; fileEncoding = 4; lastKnownFileType = sourcecode.c.h; path = LFChatViewController.h; sourceTree = "<group>"; };
		17827D581B234A220094BA93 /* LFChatViewController.m */ = {isa = PBXFileReference; fileEncoding = 4; lastKnownFileType = sourcecode.c.objc; path = LFChatViewController.m; sourceTree = "<group>"; };
/* End PBXFileReference section */

/* Begin PBXFrameworksBuildPhase section */
		17827D3A1B2349FA0094BA93 /* Frameworks */ = {
			isa = PBXFrameworksBuildPhase;
			buildActionMask = 2147483647;
			files = (
			);
			runOnlyForDeploymentPostprocessing = 0;
		};
		17827D451B2349FA0094BA93 /* Frameworks */ = {
			isa = PBXFrameworksBuildPhase;
			buildActionMask = 2147483647;
			files = (
				17827D491B2349FA0094BA93 /* libLFChatView.a in Frameworks */,
			);
			runOnlyForDeploymentPostprocessing = 0;
		};
/* End PBXFrameworksBuildPhase section */

/* Begin PBXGroup section */
		17827D341B2349F90094BA93 = {
			isa = PBXGroup;
			children = (
				17827D3F1B2349FA0094BA93 /* LFChatView */,
				17827D4C1B2349FA0094BA93 /* LFChatViewTests */,
				17827D3E1B2349FA0094BA93 /* Products */,
			);
			sourceTree = "<group>";
		};
		17827D3E1B2349FA0094BA93 /* Products */ = {
			isa = PBXGroup;
			children = (
				17827D3D1B2349FA0094BA93 /* libLFChatView.a */,
				17827D481B2349FA0094BA93 /* LFChatViewTests.xctest */,
			);
			name = Products;
			sourceTree = "<group>";
		};
		17827D3F1B2349FA0094BA93 /* LFChatView */ = {
			isa = PBXGroup;
			children = (
				17827D401B2349FA0094BA93 /* LFChatView.h */,
				17827D421B2349FA0094BA93 /* LFChatView.m */,
				17827D571B234A220094BA93 /* LFChatViewController.h */,
				17827D581B234A220094BA93 /* LFChatViewController.m */,
			);
			path = LFChatView;
			sourceTree = "<group>";
		};
		17827D4C1B2349FA0094BA93 /* LFChatViewTests */ = {
			isa = PBXGroup;
			children = (
				17827D4D1B2349FA0094BA93 /* Supporting Files */,
			);
			path = LFChatViewTests;
			sourceTree = "<group>";
		};
		17827D4D1B2349FA0094BA93 /* Supporting Files */ = {
			isa = PBXGroup;
			children = (
				17827D4E1B2349FA0094BA93 /* Info.plist */,
			);
			name = "Supporting Files";
			sourceTree = "<group>";
		};
/* End PBXGroup section */

/* Begin PBXNativeTarget section */
		17827D3C1B2349FA0094BA93 /* LFChatView */ = {
			isa = PBXNativeTarget;
			buildConfigurationList = 17827D511B2349FA0094BA93 /* Build configuration list for PBXNativeTarget "LFChatView" */;
			buildPhases = (
				17827D391B2349FA0094BA93 /* Sources */,
				17827D3A1B2349FA0094BA93 /* Frameworks */,
				17827D3B1B2349FA0094BA93 /* CopyFiles */,
			);
			buildRules = (
			);
			dependencies = (
			);
			name = LFChatView;
			productName = LFChatView;
			productReference = 17827D3D1B2349FA0094BA93 /* libLFChatView.a */;
			productType = "com.apple.product-type.library.static";
		};
		17827D471B2349FA0094BA93 /* LFChatViewTests */ = {
			isa = PBXNativeTarget;
			buildConfigurationList = 17827D541B2349FA0094BA93 /* Build configuration list for PBXNativeTarget "LFChatViewTests" */;
			buildPhases = (
				17827D441B2349FA0094BA93 /* Sources */,
				17827D451B2349FA0094BA93 /* Frameworks */,
				17827D461B2349FA0094BA93 /* Resources */,
			);
			buildRules = (
			);
			dependencies = (
				17827D4B1B2349FA0094BA93 /* PBXTargetDependency */,
			);
			name = LFChatViewTests;
			productName = LFChatViewTests;
			productReference = 17827D481B2349FA0094BA93 /* LFChatViewTests.xctest */;
			productType = "com.apple.product-type.bundle.unit-test";
		};
/* End PBXNativeTarget section */

/* Begin PBXProject section */
		17827D351B2349F90094BA93 /* Project object */ = {
			isa = PBXProject;
			attributes = {
				LastUpgradeCheck = 0630;
				ORGANIZATIONNAME = linxiaobin;
				TargetAttributes = {
					17827D3C1B2349FA0094BA93 = {
						CreatedOnToolsVersion = 6.3.2;
					};
					17827D471B2349FA0094BA93 = {
						CreatedOnToolsVersion = 6.3.2;
					};
				};
			};
			buildConfigurationList = 17827D381B2349F90094BA93 /* Build configuration list for PBXProject "LFChatView" */;
			compatibilityVersion = "Xcode 3.2";
			developmentRegion = English;
			hasScannedForEncodings = 0;
			knownRegions = (
				en,
			);
			mainGroup = 17827D341B2349F90094BA93;
			productRefGroup = 17827D3E1B2349FA0094BA93 /* Products */;
			projectDirPath = "";
			projectRoot = "";
			targets = (
				17827D3C1B2349FA0094BA93 /* LFChatView */,
				17827D471B2349FA0094BA93 /* LFChatViewTests */,
			);
		};
/* End PBXProject section */

/* Begin PBXResourcesBuildPhase section */
		17827D461B2349FA0094BA93 /* Resources */ = {
			isa = PBXResourcesBuildPhase;
			buildActionMask = 2147483647;
			files = (
			);
			runOnlyForDeploymentPostprocessing = 0;
		};
/* End PBXResourcesBuildPhase section */

/* Begin PBXSourcesBuildPhase section */
		17827D391B2349FA0094BA93 /* Sources */ = {
			isa = PBXSourcesBuildPhase;
			buildActionMask = 2147483647;
			files = (
				17827D591B234A220094BA93 /* LFChatViewController.m in Sources */,
				17827D431B2349FA0094BA93 /* LFChatView.m in Sources */,
			);
			runOnlyForDeploymentPostprocessing = 0;
		};
		17827D441B2349FA0094BA93 /* Sources */ = {
			isa = PBXSourcesBuildPhase;
			buildActionMask = 2147483647;
			files = (
			);
			runOnlyForDeploymentPostprocessing = 0;
		};
/* End PBXSourcesBuildPhase section */

/* Begin PBXTargetDependency section */
		17827D4B1B2349FA0094BA93 /* PBXTargetDependency */ = {
			isa = PBXTargetDependency;
			target = 17827D3C1B2349FA0094BA93 /* LFChatView */;
			targetProxy = 17827D4A1B2349FA0094BA93 /* PBXContainerItemProxy */;
		};
/* End PBXTargetDependency section */

/* Begin XCBuildConfiguration section */
		17827D4F1B2349FA0094BA93 /* Debug */ = {
			isa = XCBuildConfiguration;
			buildSettings = {
				ALWAYS_SEARCH_USER_PATHS = NO;
				CLANG_CXX_LANGUAGE_STANDARD = "gnu++0x";
				CLANG_CXX_LIBRARY = "libc++";
				CLANG_ENABLE_MODULES = YES;
				CLANG_ENABLE_OBJC_ARC = YES;
				CLANG_WARN_BOOL_CONVERSION = YES;
				CLANG_WARN_CONSTANT_CONVERSION = YES;
				CLANG_WARN_DIRECT_OBJC_ISA_USAGE = YES_ERROR;
				CLANG_WARN_EMPTY_BODY = YES;
				CLANG_WARN_ENUM_CONVERSION = YES;
				CLANG_WARN_INT_CONVERSION = YES;
				CLANG_WARN_OBJC_ROOT_CLASS = YES_ERROR;
				CLANG_WARN_UNREACHABLE_CODE = YES;
				CLANG_WARN__DUPLICATE_METHOD_MATCH = YES;
				COPY_PHASE_STRIP = NO;
				DEBUG_INFORMATION_FORMAT = "dwarf-with-dsym";
				ENABLE_STRICT_OBJC_MSGSEND = YES;
				GCC_C_LANGUAGE_STANDARD = gnu99;
				GCC_DYNAMIC_NO_PIC = NO;
				GCC_NO_COMMON_BLOCKS = YES;
				GCC_OPTIMIZATION_LEVEL = 0;
				GCC_PREPROCESSOR_DEFINITIONS = (
					"DEBUG=1",
					"$(inherited)",
				);
				GCC_SYMBOLS_PRIVATE_EXTERN = NO;
				GCC_WARN_64_TO_32_BIT_CONVERSION = YES;
				GCC_WARN_ABOUT_RETURN_TYPE = YES_ERROR;
				GCC_WARN_UNDECLARED_SELECTOR = YES;
				GCC_WARN_UNINITIALIZED_AUTOS = YES_AGGRESSIVE;
				GCC_WARN_UNUSED_FUNCTION = YES;
				GCC_WARN_UNUSED_VARIABLE = YES;
				IPHONEOS_DEPLOYMENT_TARGET = 8.3;
				MTL_ENABLE_DEBUG_INFO = YES;
				ONLY_ACTIVE_ARCH = YES;
				SDKROOT = iphoneos;
			};
			name = Debug;
		};
		17827D501B2349FA0094BA93 /* Release */ = {
			isa = XCBuildConfiguration;
			buildSettings = {
				ALWAYS_SEARCH_USER_PATHS = NO;
				CLANG_CXX_LANGUAGE_STANDARD = "gnu++0x";
				CLANG_CXX_LIBRARY = "libc++";
				CLANG_ENABLE_MODULES = YES;
				CLANG_ENABLE_OBJC_ARC = YES;
				CLANG_WARN_BOOL_CONVERSION = YES;
				CLANG_WARN_CONSTANT_CONVERSION = YES;
				CLANG_WARN_DIRECT_OBJC_ISA_USAGE = YES_ERROR;
				CLANG_WARN_EMPTY_BODY = YES;
				CLANG_WARN_ENUM_CONVERSION = YES;
				CLANG_WARN_INT_CONVERSION = YES;
				CLANG_WARN_OBJC_ROOT_CLASS = YES_ERROR;
				CLANG_WARN_UNREACHABLE_CODE = YES;
				CLANG_WARN__DUPLICATE_METHOD_MATCH = YES;
				COPY_PHASE_STRIP = NO;
				DEBUG_INFORMATION_FORMAT = "dwarf-with-dsym";
				ENABLE_NS_ASSERTIONS = NO;
				ENABLE_STRICT_OBJC_MSGSEND = YES;
				GCC_C_LANGUAGE_STANDARD = gnu99;
				GCC_NO_COMMON_BLOCKS = YES;
				GCC_WARN_64_TO_32_BIT_CONVERSION = YES;
				GCC_WARN_ABOUT_RETURN_TYPE = YES_ERROR;
				GCC_WARN_UNDECLARED_SELECTOR = YES;
				GCC_WARN_UNINITIALIZED_AUTOS = YES_AGGRESSIVE;
				GCC_WARN_UNUSED_FUNCTION = YES;
				GCC_WARN_UNUSED_VARIABLE = YES;
				IPHONEOS_DEPLOYMENT_TARGET = 8.3;
				MTL_ENABLE_DEBUG_INFO = NO;
				SDKROOT = iphoneos;
				VALIDATE_PRODUCT = YES;
			};
			name = Release;
		};
		17827D521B2349FA0094BA93 /* Debug */ = {
			isa = XCBuildConfiguration;
			buildSettings = {
				OTHER_LDFLAGS = "-ObjC";
				PRODUCT_NAME = "$(TARGET_NAME)";
				SKIP_INSTALL = YES;
			};
			name = Debug;
		};
		17827D531B2349FA0094BA93 /* Release */ = {
			isa = XCBuildConfiguration;
			buildSettings = {
				OTHER_LDFLAGS = "-ObjC";
				PRODUCT_NAME = "$(TARGET_NAME)";
				SKIP_INSTALL = YES;
			};
			name = Release;
		};
		17827D551B2349FA0094BA93 /* Debug */ = {
			isa = XCBuildConfiguration;
			buildSettings = {
				"CODE_SIGN_IDENTITY[sdk=iphoneos*]" = "iPhone Developer";
				FRAMEWORK_SEARCH_PATHS = (
					"$(SDKROOT)/Developer/Library/Frameworks",
					"$(inherited)",
				);
				GCC_PREPROCESSOR_DEFINITIONS = (
					"DEBUG=1",
					"$(inherited)",
				);
				INFOPLIST_FILE = LFChatViewTests/Info.plist;
				LD_RUNPATH_SEARCH_PATHS = "$(inherited) @executable_path/Frameworks @loader_path/Frameworks";
				PRODUCT_NAME = "$(TARGET_NAME)";
			};
			name = Debug;
		};
		17827D561B2349FA0094BA93 /* Release */ = {
			isa = XCBuildConfiguration;
			buildSettings = {
				"CODE_SIGN_IDENTITY[sdk=iphoneos*]" = "iPhone Developer";
				FRAMEWORK_SEARCH_PATHS = (
					"$(SDKROOT)/Developer/Library/Frameworks",
					"$(inherited)",
				);
				INFOPLIST_FILE = LFChatViewTests/Info.plist;
				LD_RUNPATH_SEARCH_PATHS = "$(inherited) @executable_path/Frameworks @loader_path/Frameworks";
				PRODUCT_NAME = "$(TARGET_NAME)";
			};
			name = Release;
		};
/* End XCBuildConfiguration section */

/* Begin XCConfigurationList section */
		17827D381B2349F90094BA93 /* Build configuration list for PBXProject "LFChatView" */ = {
			isa = XCConfigurationList;
			buildConfigurations = (
				17827D4F1B2349FA0094BA93 /* Debug */,
				17827D501B2349FA0094BA93 /* Release */,
			);
			defaultConfigurationIsVisible = 0;
			defaultConfigurationName = Release;
		};
		17827D511B2349FA0094BA93 /* Build configuration list for PBXNativeTarget "LFChatView" */ = {
			isa = XCConfigurationList;
			buildConfigurations = (
				17827D521B2349FA0094BA93 /* Debug */,
				17827D531B2349FA0094BA93 /* Release */,
			);
			defaultConfigurationIsVisible = 0;
		};
		17827D541B2349FA0094BA93 /* Build configuration list for PBXNativeTarget "LFChatViewTests" */ = {
			isa = XCConfigurationList;
			buildConfigurations = (
				17827D551B2349FA0094BA93 /* Debug */,
				17827D561B2349FA0094BA93 /* Release */,
			);
			defaultConfigurationIsVisible = 0;
		};
/* End XCConfigurationList section */
	};
	rootObject = 17827D351B2349F90094BA93 /* Project object */;
}
